// !$*UTF8*$!
{
	archiveVersion = 1;
	classes = {
	};
	objectVersion = 50;
	objects = {

/* Begin PBXBuildFile section */
		47EC54F922855A5D008DB831 /* AppDelegate.m in Sources */ = {isa = PBXBuildFile; fileRef = 47EC54F822855A5D008DB831 /* AppDelegate.m */; };
		47EC54FC22855A5D008DB831 /* ViewController.m in Sources */ = {isa = PBXBuildFile; fileRef = 47EC54FB22855A5D008DB831 /* ViewController.m */; };
		47EC54FF22855A5D008DB831 /* Main.storyboard in Resources */ = {isa = PBXBuildFile; fileRef = 47EC54FD22855A5D008DB831 /* Main.storyboard */; };
		47EC550122855A5F008DB831 /* Assets.xcassets in Resources */ = {isa = PBXBuildFile; fileRef = 47EC550022855A5F008DB831 /* Assets.xcassets */; };
		47EC550422855A5F008DB831 /* LaunchScreen.storyboard in Resources */ = {isa = PBXBuildFile; fileRef = 47EC550222855A5F008DB831 /* LaunchScreen.storyboard */; };
		47EC550722855A5F008DB831 /* main.m in Sources */ = {isa = PBXBuildFile; fileRef = 47EC550622855A5F008DB831 /* main.m */; };
/* End PBXBuildFile section */

/* Begin PBXFileReference section */
		47EC54F422855A5D008DB831 /* TestGitAction.app */ = {isa = PBXFileReference; explicitFileType = wrapper.application; includeInIndex = 0; path = TestGitAction.app; sourceTree = BUILT_PRODUCTS_DIR; };
		47EC54F722855A5D008DB831 /* AppDelegate.h */ = {isa = PBXFileReference; lastKnownFileType = sourcecode.c.h; path = AppDelegate.h; sourceTree = "<group>"; };
		47EC54F822855A5D008DB831 /* AppDelegate.m */ = {isa = PBXFileReference; lastKnownFileType = sourcecode.c.objc; path = AppDelegate.m; sourceTree = "<group>"; };
		47EC54FA22855A5D008DB831 /* ViewController.h */ = {isa = PBXFileReference; lastKnownFileType = sourcecode.c.h; path = ViewController.h; sourceTree = "<group>"; };
		47EC54FB22855A5D008DB831 /* ViewController.m */ = {isa = PBXFileReference; lastKnownFileType = sourcecode.c.objc; path = ViewController.m; sourceTree = "<group>"; };
		47EC54FE22855A5D008DB831 /* Base */ = {isa = PBXFileReference; lastKnownFileType = file.storyboard; name = Base; path = Base.lproj/Main.storyboard; sourceTree = "<group>"; };
		47EC550022855A5F008DB831 /* Assets.xcassets */ = {isa = PBXFileReference; lastKnownFileType = folder.assetcatalog; path = Assets.xcassets; sourceTree = "<group>"; };
		47EC550322855A5F008DB831 /* Base */ = {isa = PBXFileReference; lastKnownFileType = file.storyboard; name = Base; path = Base.lproj/LaunchScreen.storyboard; sourceTree = "<group>"; };
		47EC550522855A5F008DB831 /* Info.plist */ = {isa = PBXFileReference; lastKnownFileType = text.plist.xml; path = Info.plist; sourceTree = "<group>"; };
		47EC550622855A5F008DB831 /* main.m */ = {isa = PBXFileReference; lastKnownFileType = sourcecode.c.objc; path = main.m; sourceTree = "<group>"; };
/* End PBXFileReference section */

/* Begin PBXFrameworksBuildPhase section */
		47EC54F122855A5D008DB831 /* Frameworks */ = {
			isa = PBXFrameworksBuildPhase;
			buildActionMask = 2147483647;
			files = (
			);
			runOnlyForDeploymentPostprocessing = 0;
		};
/* End PBXFrameworksBuildPhase section */

/* Begin PBXGroup section */
		47EC54EB22855A5D008DB831 = {
			isa = PBXGroup;
			children = (
				47EC54F622855A5D008DB831 /* TestGitAction */,
				47EC54F522855A5D008DB831 /* Products */,
			);
			sourceTree = "<group>";
		};
		47EC54F522855A5D008DB831 /* Products */ = {
			isa = PBXGroup;
			children = (
				47EC54F422855A5D008DB831 /* TestGitAction.app */,
			);
			name = Products;
			sourceTree = "<group>";
		};
		47EC54F622855A5D008DB831 /* TestGitAction */ = {
			isa = PBXGroup;
			children = (
				47EC54F722855A5D008DB831 /* AppDelegate.h */,
				47EC54F822855A5D008DB831 /* AppDelegate.m */,
				47EC54FA22855A5D008DB831 /* ViewController.h */,
				47EC54FB22855A5D008DB831 /* ViewController.m */,
				47EC54FD22855A5D008DB831 /* Main.storyboard */,
				47EC550022855A5F008DB831 /* Assets.xcassets */,
				47EC550222855A5F008DB831 /* LaunchScreen.storyboard */,
				47EC550522855A5F008DB831 /* Info.plist */,
				47EC550622855A5F008DB831 /* main.m */,
			);
			path = TestGitAction;
			sourceTree = "<group>";
		};
/* End PBXGroup section */

/* Begin PBXNativeTarget section */
		47EC54F322855A5D008DB831 /* TestGitAction */ = {
			isa = PBXNativeTarget;
			buildConfigurationList = 47EC550A22855A5F008DB831 /* Build configuration list for PBXNativeTarget "TestGitAction" */;
			buildPhases = (
				47EC54F022855A5D008DB831 /* Sources */,
				47EC54F122855A5D008DB831 /* Frameworks */,
				47EC54F222855A5D008DB831 /* Resources */,
			);
			buildRules = (
			);
			dependencies = (
			);
			name = TestGitAction;
			productName = TestGitAction;
			productReference = 47EC54F422855A5D008DB831 /* TestGitAction.app */;
			productType = "com.apple.product-type.application";
		};
/* End PBXNativeTarget section */

/* Begin PBXProject section */
		47EC54EC22855A5D008DB831 /* Project object */ = {
			isa = PBXProject;
			attributes = {
				LastUpgradeCheck = 1020;
				ORGANIZATIONNAME = "朱志佳";
				TargetAttributes = {
					47EC54F322855A5D008DB831 = {
						CreatedOnToolsVersion = 10.2.1;
					};
				};
			};
			buildConfigurationList = 47EC54EF22855A5D008DB831 /* Build configuration list for PBXProject "TestGitAction" */;
			compatibilityVersion = "Xcode 9.3";
			developmentRegion = en;
			hasScannedForEncodings = 0;
			knownRegions = (
				en,
				Base,
			);
			mainGroup = 47EC54EB22855A5D008DB831;
			productRefGroup = 47EC54F522855A5D008DB831 /* Products */;
			projectDirPath = "";
			projectRoot = "";
			targets = (
				47EC54F322855A5D008DB831 /* TestGitAction */,
			);
		};
/* End PBXProject section */

/* Begin PBXResourcesBuildPhase section */
		47EC54F222855A5D008DB831 /* Resources */ = {
			isa = PBXResourcesBuildPhase;
			buildActionMask = 2147483647;
			files = (
				47EC550422855A5F008DB831 /* LaunchScreen.storyboard in Resources */,
				47EC550122855A5F008DB831 /* Assets.xcassets in Resources */,
				47EC54FF22855A5D008DB831 /* Main.storyboard in Resources */,
			);
			runOnlyForDeploymentPostprocessing = 0;
		};
/* End PBXResourcesBuildPhase section */

/* Begin PBXSourcesBuildPhase section */
		47EC54F022855A5D008DB831 /* Sources */ = {
			isa = PBXSourcesBuildPhase;
			buildActionMask = 2147483647;
			files = (
				47EC54FC22855A5D008DB831 /* ViewController.m in Sources */,
				47EC550722855A5F008DB831 /* main.m in Sources */,
				47EC54F922855A5D008DB831 /* AppDelegate.m in Sources */,
			);
			runOnlyForDeploymentPostprocessing = 0;
		};
/* End PBXSourcesBuildPhase section */

/* Begin PBXVariantGroup section */
		47EC54FD22855A5D008DB831 /* Main.storyboard */ = {
			isa = PBXVariantGroup;
			children = (
				47EC54FE22855A5D008DB831 /* Base */,
			);
			name = Main.storyboard;
			sourceTree = "<group>";
		};
		47EC550222855A5F008DB831 /* LaunchScreen.storyboard */ = {
			isa = PBXVariantGroup;
			children = (
				47EC550322855A5F008DB831 /* Base */,
			);
			name = LaunchScreen.storyboard;
			sourceTree = "<group>";
		};
/* End PBXVariantGroup section */

/* Begin XCBuildConfiguration section */
		47EC550822855A5F008DB831 /* Debug */ = {
			isa = XCBuildConfiguration;
			buildSettings = {
				ALWAYS_SEARCH_USER_PATHS = NO;
				CLANG_ANALYZER_NONNULL = YES;
				CLANG_ANALYZER_NUMBER_OBJECT_CONVERSION = YES_AGGRESSIVE;
				CLANG_CXX_LANGUAGE_STANDARD = "gnu++14";
				CLANG_CXX_LIBRARY = "libc++";
				CLANG_ENABLE_MODULES = YES;
				CLANG_ENABLE_OBJC_ARC = YES;
				CLANG_ENABLE_OBJC_WEAK = YES;
				CLANG_WARN_BLOCK_CAPTURE_AUTORELEASING = YES;
				CLANG_WARN_BOOL_CONVERSION = YES;
				CLANG_WARN_COMMA = YES;
				CLANG_WARN_CONSTANT_CONVERSION = YES;
				CLANG_WARN_DEPRECATED_OBJC_IMPLEMENTATIONS = YES;
				CLANG_WARN_DIRECT_OBJC_ISA_USAGE = YES_ERROR;
				CLANG_WARN_DOCUMENTATION_COMMENTS = YES;
				CLANG_WARN_EMPTY_BODY = YES;
				CLANG_WARN_ENUM_CONVERSION = YES;
				CLANG_WARN_INFINITE_RECURSION = YES;
				CLANG_WARN_INT_CONVERSION = YES;
				CLANG_WARN_NON_LITERAL_NULL_CONVERSION = YES;
				CLANG_WARN_OBJC_IMPLICIT_RETAIN_SELF = YES;
				CLANG_WARN_OBJC_LITERAL_CONVERSION = YES;
				CLANG_WARN_OBJC_ROOT_CLASS = YES_ERROR;
				CLANG_WARN_RANGE_LOOP_ANALYSIS = YES;
				CLANG_WARN_STRICT_PROTOTYPES = YES;
				CLANG_WARN_SUSPICIOUS_MOVE = YES;
				CLANG_WARN_UNGUARDED_AVAILABILITY = YES_AGGRESSIVE;
				CLANG_WARN_UNREACHABLE_CODE = YES;
				CLANG_WARN__DUPLICATE_METHOD_MATCH = YES;
				CODE_SIGN_IDENTITY = "iPhone Developer";
				COPY_PHASE_STRIP = NO;
				DEBUG_INFORMATION_FORMAT = dwarf;
				ENABLE_STRICT_OBJC_MSGSEND = YES;
				ENABLE_TESTABILITY = YES;
				GCC_C_LANGUAGE_STANDARD = gnu11;
				GCC_DYNAMIC_NO_PIC = NO;
				GCC_NO_COMMON_BLOCKS = YES;
				GCC_OPTIMIZATION_LEVEL = 0;
				GCC_PREPROCESSOR_DEFINITIONS = (
					"DEBUG=1",
					"$(inherited)",
				);
				GCC_WARN_64_TO_32_BIT_CONVERSION = YES;
				GCC_WARN_ABOUT_RETURN_TYPE = YES_ERROR;
				GCC_WARN_UNDECLARED_SELECTOR = YES;
				GCC_WARN_UNINITIALIZED_AUTOS = YES_AGGRESSIVE;
				GCC_WARN_UNUSED_FUNCTION = YES;
				GCC_WARN_UNUSED_VARIABLE = YES;
				IPHONEOS_DEPLOYMENT_TARGET = 12.2;
				MTL_ENABLE_DEBUG_INFO = INCLUDE_SOURCE;
				MTL_FAST_MATH = YES;
				ONLY_ACTIVE_ARCH = YES;
				SDKROOT = iphoneos;
			};
			name = Debug;
		};
		47EC550922855A5F008DB831 /* Release */ = {
			isa = XCBuildConfiguration;
			buildSettings = {
				ALWAYS_SEARCH_USER_PATHS = NO;
				CLANG_ANALYZER_NONNULL = YES;
				CLANG_ANALYZER_NUMBER_OBJECT_CONVERSION = YES_AGGRESSIVE;
				CLANG_CXX_LANGUAGE_STANDARD = "gnu++14";
				CLANG_CXX_LIBRARY = "libc++";
				CLANG_ENABLE_MODULES = YES;
				CLANG_ENABLE_OBJC_ARC = YES;
				CLANG_ENABLE_OBJC_WEAK = YES;
				CLANG_WARN_BLOCK_CAPTURE_AUTORELEASING = YES;
				CLANG_WARN_BOOL_CONVERSION = YES;
				CLANG_WARN_COMMA = YES;
				CLANG_WARN_CONSTANT_CONVERSION = YES;
				CLANG_WARN_DEPRECATED_OBJC_IMPLEMENTATIONS = YES;
				CLANG_WARN_DIRECT_OBJC_ISA_USAGE = YES_ERROR;
				CLANG_WARN_DOCUMENTATION_COMMENTS = YES;
				CLANG_WARN_EMPTY_BODY = YES;
				CLANG_WARN_ENUM_CONVERSION = YES;
				CLANG_WARN_INFINITE_RECURSION = YES;
				CLANG_WARN_INT_CONVERSION = YES;
				CLANG_WARN_NON_LITERAL_NULL_CONVERSION = YES;
				CLANG_WARN_OBJC_IMPLICIT_RETAIN_SELF = YES;
				CLANG_WARN_OBJC_LITERAL_CONVERSION = YES;
				CLANG_WARN_OBJC_ROOT_CLASS = YES_ERROR;
				CLANG_WARN_RANGE_LOOP_ANALYSIS = YES;
				CLANG_WARN_STRICT_PROTOTYPES = YES;
				CLANG_WARN_SUSPICIOUS_MOVE = YES;
				CLANG_WARN_UNGUARDED_AVAILABILITY = YES_AGGRESSIVE;
				CLANG_WARN_UNREACHABLE_CODE = YES;
				CLANG_WARN__DUPLICATE_METHOD_MATCH = YES;
				CODE_SIGN_IDENTITY = "iPhone Developer";
				COPY_PHASE_STRIP = NO;
				DEBUG_INFORMATION_FORMAT = "dwarf-with-dsym";
				ENABLE_NS_ASSERTIONS = NO;
				ENABLE_STRICT_OBJC_MSGSEND = YES;
				GCC_C_LANGUAGE_STANDARD = gnu11;
				GCC_NO_COMMON_BLOCKS = YES;
				GCC_WARN_64_TO_32_BIT_CONVERSION = YES;
				GCC_WARN_ABOUT_RETURN_TYPE = YES_ERROR;
				GCC_WARN_UNDECLARED_SELECTOR = YES;
				GCC_WARN_UNINITIALIZED_AUTOS = YES_AGGRESSIVE;
				GCC_WARN_UNUSED_FUNCTION = YES;
				GCC_WARN_UNUSED_VARIABLE = YES;
				IPHONEOS_DEPLOYMENT_TARGET = 12.2;
				MTL_ENABLE_DEBUG_INFO = NO;
				MTL_FAST_MATH = YES;
				SDKROOT = iphoneos;
				VALIDATE_PRODUCT = YES;
			};
			name = Release;
		};
		47EC550B22855A5F008DB831 /* Debug */ = {
			isa = XCBuildConfiguration;
			buildSettings = {
				ASSETCATALOG_COMPILER_APPICON_NAME = AppIcon;
				CODE_SIGN_STYLE = Automatic;
				INFOPLIST_FILE = TestGitAction/Info.plist;
				LD_RUNPATH_SEARCH_PATHS = (
					"$(inherited)",
					"@executable_path/Frameworks",
				);
				PRODUCT_BUNDLE_IDENTIFIER = com.zzj.TestGitAction;
				PRODUCT_NAME = "$(TARGET_NAME)";
				TARGETED_DEVICE_FAMILY = "1,2";
			};
			name = Debug;
		};
		47EC550C22855A5F008DB831 /* Release */ = {
			isa = XCBuildConfiguration;
			buildSettings = {
				ASSETCATALOG_COMPILER_APPICON_NAME = AppIcon;
				CODE_SIGN_STYLE = Automatic;
				INFOPLIST_FILE = TestGitAction/Info.plist;
				LD_RUNPATH_SEARCH_PATHS = (
					"$(inherited)",
					"@executable_path/Frameworks",
				);
				PRODUCT_BUNDLE_IDENTIFIER = com.zzj.TestGitAction;
				PRODUCT_NAME = "$(TARGET_NAME)";
				TARGETED_DEVICE_FAMILY = "1,2";
			};
			name = Release;
		};
/* End XCBuildConfiguration section */

/* Begin XCConfigurationList section */
		47EC54EF22855A5D008DB831 /* Build configuration list for PBXProject "TestGitAction" */ = {
			isa = XCConfigurationList;
			buildConfigurations = (
				47EC550822855A5F008DB831 /* Debug */,
				47EC550922855A5F008DB831 /* Release */,
			);
			defaultConfigurationIsVisible = 0;
			defaultConfigurationName = Release;
		};
		47EC550A22855A5F008DB831 /* Build configuration list for PBXNativeTarget "TestGitAction" */ = {
			isa = XCConfigurationList;
			buildConfigurations = (
				47EC550B22855A5F008DB831 /* Debug */,
				47EC550C22855A5F008DB831 /* Release */,
			);
			defaultConfigurationIsVisible = 0;
			defaultConfigurationName = Release;
		};
/* End XCConfigurationList section */
	};
	rootObject = 47EC54EC22855A5D008DB831 /* Project object */;
}
